
Microsoft Visual Studio Solution File, Format Version 12.00
# Visual Studio Version 17
VisualStudioVersion = 17.7.34024.191
MinimumVisualStudioVersion = 10.0.40219.1
Project("{8BC9CEB8-8B4A-11D0-8D11-00A0C91BC942}") = "LuckyTickets", "LuckyTickets.vcxproj", "{3B7A86E9-1054-4FC7-937F-F2BA2FABD037}"
EndProject
Global
	GlobalSection(SolutionConfigurationPlatforms) = preSolution
		Debug|x64 = Debug|x64
		Debug|x86 = Debug|x86
		Release|x64 = Release|x64
		Release|x86 = Release|x86
	EndGlobalSection
	GlobalSection(ProjectConfigurationPlatforms) = postSolution
		{3B7A86E9-1054-4FC7-937F-F2BA2FABD037}.Debug|x64.ActiveCfg = Debug|x64
		{3B7A86E9-1054-4FC7-937F-F2BA2FABD037}.Debug|x64.Build.0 = Debug|x64
		{3B7A86E9-1054-4FC7-937F-F2BA2FABD037}.Debug|x86.ActiveCfg = Debug|Win32
		{3B7A86E9-1054-4FC7-937F-F2BA2FABD037}.Debug|x86.Build.0 = Debug|Win32
		{3B7A86E9-1054-4FC7-937F-F2BA2FABD037}.Release|x64.ActiveCfg = Release|x64
		{3B7A86E9-1054-4FC7-937F-F2BA2FABD037}.Release|x64.Build.0 = Release|x64
		{3B7A86E9-1054-4FC7-937F-F2BA2FABD037}.Release|x86.ActiveCfg = Release|Win32
		{3B7A86E9-1054-4FC7-937F-F2BA2FABD037}.Release|x86.Build.0 = Release|Win32
	EndGlobalSection
	GlobalSection(SolutionProperties) = preSolution
		HideSolutionNode = FALSE
	EndGlobalSection
	GlobalSection(ExtensibilityGlobals) = postSolution
		SolutionGuid = {1EB997A5-77EE-48E1-B9FC-751E0B25EB4A}
	EndGlobalSection
EndGlobal
