
Microsoft Visual Studio Solution File, Format Version 12.00
# Visual Studio Version 17
VisualStudioVersion = 17.7.34031.279
MinimumVisualStudioVersion = 10.0.40219.1
Project("{8BC9CEB8-8B4A-11D0-8D11-00A0C91BC942}") = "testTask2Bubble", "testTask2Bubble.vcxproj", "{109F8CC5-086E-4794-B79D-1DD1D7B78739}"
EndProject
Global
	GlobalSection(SolutionConfigurationPlatforms) = preSolution
		Debug|x64 = Debug|x64
		Debug|x86 = Debug|x86
		Release|x64 = Release|x64
		Release|x86 = Release|x86
	EndGlobalSection
	GlobalSection(ProjectConfigurationPlatforms) = postSolution
		{109F8CC5-086E-4794-B79D-1DD1D7B78739}.Debug|x64.ActiveCfg = Debug|x64
		{109F8CC5-086E-4794-B79D-1DD1D7B78739}.Debug|x64.Build.0 = Debug|x64
		{109F8CC5-086E-4794-B79D-1DD1D7B78739}.Debug|x86.ActiveCfg = Debug|Win32
		{109F8CC5-086E-4794-B79D-1DD1D7B78739}.Debug|x86.Build.0 = Debug|Win32
		{109F8CC5-086E-4794-B79D-1DD1D7B78739}.Release|x64.ActiveCfg = Release|x64
		{109F8CC5-086E-4794-B79D-1DD1D7B78739}.Release|x64.Build.0 = Release|x64
		{109F8CC5-086E-4794-B79D-1DD1D7B78739}.Release|x86.ActiveCfg = Release|Win32
		{109F8CC5-086E-4794-B79D-1DD1D7B78739}.Release|x86.Build.0 = Release|Win32
	EndGlobalSection
	GlobalSection(SolutionProperties) = preSolution
		HideSolutionNode = FALSE
	EndGlobalSection
	GlobalSection(ExtensibilityGlobals) = postSolution
		SolutionGuid = {8B3386E1-A99A-43ED-99E3-8AB2F645F274}
	EndGlobalSection
EndGlobal
